{
  "name": "totp",
  "version": "0.0.1",
  "lockfileVersion": 2,
  "requires": true,
  "packages": {
    "": {
      "version": "0.0.1",
      "license": "ISC",
      "dependencies": {
        "totp-generator": "^0.0.13"
      },
      "devDependencies": {
        "@types/totp-generator": "^0.0.4",
        "typescript": "^4.7.3"
      }
    },
    "node_modules/@types/totp-generator": {
      "version": "0.0.4",
      "resolved": "https://registry.npmjs.org/@types/totp-generator/-/totp-generator-0.0.4.tgz",
      "integrity": "sha512-rs5nfg//Q6zXGRiIqZ6UUhh65lBgEM5/s8knGw3fO2TBa0i1GlSLx4+P45vXNTrp3uNnqdSS1z4I33Oi3egDDg==",
      "dev": true
    },
    "node_modules/jssha": {
      "version": "3.2.0",
      "resolved": "https://registry.npmjs.org/jssha/-/jssha-3.2.0.tgz",
      "integrity": "sha512-QuruyBENDWdN4tZwJbQq7/eAK85FqrI4oDbXjy5IBhYD+2pTJyBUWZe8ctWaCkrV0gy6AaelgOZZBMeswEa/6Q==",
      "engines": {
        "node": "*"
      }
    },
    "node_modules/totp-generator": {
      "version": "0.0.13",
      "resolved": "https://registry.npmjs.org/totp-generator/-/totp-generator-0.0.13.tgz",
      "integrity": "sha512-/Sg4eXvaLfaXNJJWv/OLPQm1GVKQXOe6mbDNXFBRZdYnaN9iY6Grk6uPYLph9MDn+cGn6GLNaqpak34jfu1CQQ==",
      "dependencies": {
        "jssha": "^3.1.2"
      }
    },
    "node_modules/typescript": {
      "version": "4.7.3",
      "resolved": "https://registry.npmjs.org/typescript/-/typescript-4.7.3.tgz",
      "integrity": "sha512-WOkT3XYvrpXx4vMMqlD+8R8R37fZkjyLGlxavMc4iB8lrl8L0DeTcHbYgw/v0N/z9wAFsgBhcsF0ruoySS22mA==",
      "dev": true,
      "bin": {
        "tsc": "bin/tsc",
        "tsserver": "bin/tsserver"
      },
      "engines": {
        "node": ">=4.2.0"
      }
    }
  },
  "dependencies": {
    "@types/totp-generator": {
      "version": "0.0.4",
      "resolved": "https://registry.npmjs.org/@types/totp-generator/-/totp-generator-0.0.4.tgz",
      "integrity": "sha512-rs5nfg//Q6zXGRiIqZ6UUhh65lBgEM5/s8knGw3fO2TBa0i1GlSLx4+P45vXNTrp3uNnqdSS1z4I33Oi3egDDg==",
      "dev": true
    },
    "jssha": {
      "version": "3.2.0",
      "resolved": "https://registry.npmjs.org/jssha/-/jssha-3.2.0.tgz",
      "integrity": "sha512-QuruyBENDWdN4tZwJbQq7/eAK85FqrI4oDbXjy5IBhYD+2pTJyBUWZe8ctWaCkrV0gy6AaelgOZZBMeswEa/6Q=="
    },
    "totp-generator": {
      "version": "0.0.13",
      "resolved": "https://registry.npmjs.org/totp-generator/-/totp-generator-0.0.13.tgz",
      "integrity": "sha512-/Sg4eXvaLfaXNJJWv/OLPQm1GVKQXOe6mbDNXFBRZdYnaN9iY6Grk6uPYLph9MDn+cGn6GLNaqpak34jfu1CQQ==",
      "requires": {
        "jssha": "^3.1.2"
      }
    },
    "typescript": {
      "version": "4.7.3",
      "resolved": "https://registry.npmjs.org/typescript/-/typescript-4.7.3.tgz",
      "integrity": "sha512-WOkT3XYvrpXx4vMMqlD+8R8R37fZkjyLGlxavMc4iB8lrl8L0DeTcHbYgw/v0N/z9wAFsgBhcsF0ruoySS22mA==",
      "dev": true
    }
  }
}
